
Microsoft Visual Studio Solution File, Format Version 12.00
# Visual Studio Version 16
VisualStudioVersion = 16.0.29905.134
MinimumVisualStudioVersion = 10.0.40219.1
Project("{FAE04EC0-301F-11D3-BF4B-00C04F79EFBC}") = "test2retake", "test2retake.csproj", "{D5AEE227-CA41-4C2B-B23E-175EFA5BF23A}"
EndProject
Global
	GlobalSection(SolutionConfigurationPlatforms) = preSolution
		Debug|Any CPU = Debug|Any CPU
		Release|Any CPU = Release|Any CPU
	EndGlobalSection
	GlobalSection(ProjectConfigurationPlatforms) = postSolution
		{D5AEE227-CA41-4C2B-B23E-175EFA5BF23A}.Debug|Any CPU.ActiveCfg = Debug|Any CPU
		{D5AEE227-CA41-4C2B-B23E-175EFA5BF23A}.Debug|Any CPU.Build.0 = Debug|Any CPU
		{D5AEE227-CA41-4C2B-B23E-175EFA5BF23A}.Release|Any CPU.ActiveCfg = Release|Any CPU
		{D5AEE227-CA41-4C2B-B23E-175EFA5BF23A}.Release|Any CPU.Build.0 = Release|Any CPU
	EndGlobalSection
	GlobalSection(SolutionProperties) = preSolution
		HideSolutionNode = FALSE
	EndGlobalSection
	GlobalSection(ExtensibilityGlobals) = postSolution
		SolutionGuid = {5C95AB6A-D7A5-4862-9FF4-1705D42D3778}
	EndGlobalSection
EndGlobal
